// !$*UTF8*$!
{
	archiveVersion = 1;
	classes = {
	};
	objectVersion = 50;
	objects = {

/* Begin PBXFileReference section */
		DF003D7F216414B900E4A748 /* hotpatch */ = {isa = PBXFileReference; lastKnownFileType = folder; path = hotpatch; sourceTree = "<group>"; };
		DFA94161216A4B5B00B2BBD5 /* Audio */ = {isa = PBXFileReference; lastKnownFileType = folder; path = Audio; sourceTree = "<group>"; };
		DFA94162216A4B6400B2BBD5 /* kexts */ = {isa = PBXFileReference; lastKnownFileType = folder; path = kexts; sourceTree = "<group>"; };
		DFA94163216A4B6E00B2BBD5 /* config.plist */ = {isa = PBXFileReference; lastKnownFileType = text.plist.xml; path = config.plist; sourceTree = "<group>"; };
		DFA94164216A4B7C00B2BBD5 /* SSDT-L440.aml */ = {isa = PBXFileReference; lastKnownFileType = file; path = "SSDT-L440.aml"; sourceTree = "<group>"; };
		DFA94165216A4C2400B2BBD5 /* SystemLogo */ = {isa = PBXFileReference; lastKnownFileType = folder; path = SystemLogo; sourceTree = "<group>"; };
/* End PBXFileReference section */

/* Begin PBXGroup section */
		DF003D78216414A000E4A748 = {
			isa = PBXGroup;
			children = (
				DFA94165216A4C2400B2BBD5 /* SystemLogo */,
				DFA94164216A4B7C00B2BBD5 /* SSDT-L440.aml */,
				DFA94163216A4B6E00B2BBD5 /* config.plist */,
				DFA94162216A4B6400B2BBD5 /* kexts */,
				DFA94161216A4B5B00B2BBD5 /* Audio */,
				DF003D7F216414B900E4A748 /* hotpatch */,
			);
			sourceTree = "<group>";
		};
/* End PBXGroup section */

/* Begin PBXProject section */
		DF003D79216414A000E4A748 /* Project object */ = {
			isa = PBXProject;
			attributes = {
				LastUpgradeCheck = 1000;
			};
			buildConfigurationList = DF003D7C216414A000E4A748 /* Build configuration list for PBXProject "Lenovo-ThinkPad-L440" */;
			compatibilityVersion = "Xcode 9.3";
			developmentRegion = en;
			hasScannedForEncodings = 0;
			knownRegions = (
				en,
			);
			mainGroup = DF003D78216414A000E4A748;
			projectDirPath = "";
			projectRoot = "";
			targets = (
			);
		};
/* End PBXProject section */

/* Begin XCBuildConfiguration section */
		DF003D7D216414A000E4A748 /* Debug */ = {
			isa = XCBuildConfiguration;
			buildSettings = {
			};
			name = Debug;
		};
		DF003D7E216414A000E4A748 /* Release */ = {
			isa = XCBuildConfiguration;
			buildSettings = {
			};
			name = Release;
		};
/* End XCBuildConfiguration section */

/* Begin XCConfigurationList section */
		DF003D7C216414A000E4A748 /* Build configuration list for PBXProject "Lenovo-ThinkPad-L440" */ = {
			isa = XCConfigurationList;
			buildConfigurations = (
				DF003D7D216414A000E4A748 /* Debug */,
				DF003D7E216414A000E4A748 /* Release */,
			);
			defaultConfigurationIsVisible = 0;
			defaultConfigurationName = Release;
		};
/* End XCConfigurationList section */
	};
	rootObject = DF003D79216414A000E4A748 /* Project object */;
}
