// !$*UTF8*$!
{
	archiveVersion = 1;
	classes = {
	};
	objectVersion = 50;
	objects = {

/* Begin PBXFileReference section */
		DF003D7F216414B900E4A748 /* hotpatch */ = {isa = PBXFileReference; lastKnownFileType = folder; path = hotpatch; sourceTree = "<group>"; };
		DF98AA982164199B00E5D1B6 /* config.plist */ = {isa = PBXFileReference; lastKnownFileType = text.plist.xml; path = config.plist; sourceTree = "<group>"; };
		DFC7BEA421641A670098C0B0 /* Audio */ = {isa = PBXFileReference; lastKnownFileType = folder; path = Audio; sourceTree = "<group>"; };
/* End PBXFileReference section */

/* Begin PBXGroup section */
		DF003D78216414A000E4A748 = {
			isa = PBXGroup;
			children = (
				DF98AA982164199B00E5D1B6 /* config.plist */,
				DFC7BEA421641A670098C0B0 /* Audio */,
				DF003D7F216414B900E4A748 /* hotpatch */,
			);
			sourceTree = "<group>";
		};
/* End PBXGroup section */

/* Begin PBXProject section */
		DF003D79216414A000E4A748 /* Project object */ = {
			isa = PBXProject;
			attributes = {
				LastUpgradeCheck = 1000;
			};
			buildConfigurationList = DF003D7C216414A000E4A748 /* Build configuration list for PBXProject "Lenovo-ThinkPad-L440" */;
			compatibilityVersion = "Xcode 9.3";
			developmentRegion = en;
			hasScannedForEncodings = 0;
			knownRegions = (
				en,
			);
			mainGroup = DF003D78216414A000E4A748;
			projectDirPath = "";
			projectRoot = "";
			targets = (
			);
		};
/* End PBXProject section */

/* Begin XCBuildConfiguration section */
		DF003D7D216414A000E4A748 /* Debug */ = {
			isa = XCBuildConfiguration;
			buildSettings = {
			};
			name = Debug;
		};
		DF003D7E216414A000E4A748 /* Release */ = {
			isa = XCBuildConfiguration;
			buildSettings = {
			};
			name = Release;
		};
/* End XCBuildConfiguration section */

/* Begin XCConfigurationList section */
		DF003D7C216414A000E4A748 /* Build configuration list for PBXProject "Lenovo-ThinkPad-L440" */ = {
			isa = XCConfigurationList;
			buildConfigurations = (
				DF003D7D216414A000E4A748 /* Debug */,
				DF003D7E216414A000E4A748 /* Release */,
			);
			defaultConfigurationIsVisible = 0;
			defaultConfigurationName = Release;
		};
/* End XCConfigurationList section */
	};
	rootObject = DF003D79216414A000E4A748 /* Project object */;
}
